{
  "name": "streamdata.io-events",
  "version": "1.0.0",
  "lockfileVersion": 1,
  "requires": true,
  "dependencies": {
    "core-js": {
      "version": "2.5.1",
      "resolved": "https://registry.npmjs.org/core-js/-/core-js-2.5.1.tgz",
      "integrity": "sha1-rmh03GaTd4m4B1T/VCjfZoGcpQs="
    },
    "deep-equal": {
      "version": "1.0.1",
      "resolved": "https://registry.npmjs.org/deep-equal/-/deep-equal-1.0.1.tgz",
      "integrity": "sha1-9dJgKStmDghO/0zbyfCK0yR0SLU="
    },
    "eventsource": {
      "version": "1.0.5",
      "resolved": "https://registry.npmjs.org/eventsource/-/eventsource-1.0.5.tgz",
      "integrity": "sha512-IzjLaND9GBK3+fBPhmvG/Yq3FhSDGHnucJCDWhNsneLlN+HX5jeaSpl3Folr2PipGmyUsd/T2Vrua+s6I2aTgQ==",
      "requires": {
        "original": "1.0.0"
      }
    },
    "eventsource-polyfill": {
      "version": "github:streamdataio/EventSource#aaf5f57ef93d21704904eb8d5cd14c814f4cba98"
    },
    "fast-json-patch": {
      "version": "2.0.5",
      "resolved": "https://registry.npmjs.org/fast-json-patch/-/fast-json-patch-2.0.5.tgz",
      "integrity": "sha1-pxLoKb5pq3B1FEQMVAS92bDTxgk=",
      "requires": {
        "deep-equal": "1.0.1"
      }
    },
    "original": {
      "version": "1.0.0",
      "resolved": "https://registry.npmjs.org/original/-/original-1.0.0.tgz",
      "integrity": "sha1-kUf5P6FpbQS+YeAb1QuurKZWvTs=",
      "requires": {
        "url-parse": "1.0.5"
      }
    },
    "querystringify": {
      "version": "0.0.4",
      "resolved": "https://registry.npmjs.org/querystringify/-/querystringify-0.0.4.tgz",
      "integrity": "sha1-DPf4T5Rj/wrlHExLFC2VvjdyTZw="
    },
    "requires-port": {
      "version": "1.0.0",
      "resolved": "https://registry.npmjs.org/requires-port/-/requires-port-1.0.0.tgz",
      "integrity": "sha1-kl0mAdOaxIXgkc8NpcbmlNw9yv8="
    },
    "streamdataio-js-sdk": {
      "version": "2.0.1",
      "resolved": "https://registry.npmjs.org/streamdataio-js-sdk/-/streamdataio-js-sdk-2.0.1.tgz",
      "integrity": "sha512-yDIFo/lH96fobNY0BRiW3remo5GRJhTVR/F8ERJV8T/GAywFZ1bJT4+jJtgo2cNNEIInOgSJfB/MD7bzuGc/+g==",
      "requires": {
        "core-js": "2.5.1",
        "eventsource": "1.0.5",
        "eventsource-polyfill": "github:streamdataio/EventSource#aaf5f57ef93d21704904eb8d5cd14c814f4cba98"
      }
    },
    "url-parse": {
      "version": "1.0.5",
      "resolved": "https://registry.npmjs.org/url-parse/-/url-parse-1.0.5.tgz",
      "integrity": "sha1-CFSGBCKv3P7+tsllxmLUgAFpkns=",
      "requires": {
        "querystringify": "0.0.4",
        "requires-port": "1.0.0"
      }
    }
  }
}
